
Microsoft Visual Studio Solution File, Format Version 12.00
# Visual Studio Version 17
VisualStudioVersion = 17.10.35122.118
MinimumVisualStudioVersion = 10.0.40219.1
Project("{FAE04EC0-301F-11D3-BF4B-00C04F79EFBC}") = "SistemaGestao", "SistemaGestao\SistemaGestao.csproj", "{D5E84EA9-75A2-479D-87D7-6F4A7B169CCD}"
EndProject
Project("{FAE04EC0-301F-11D3-BF4B-00C04F79EFBC}") = "SistemaGestao.UI", "SistemaGestao.UI\SistemaGestao.UI.csproj", "{A92C9AB2-F37A-453F-9C37-832FA842B360}"
EndProject
Project("{FAE04EC0-301F-11D3-BF4B-00C04F79EFBC}") = "SistemaGestao.Core", "SistemaGestao.Core\SistemaGestao.Core.csproj", "{5EE2EEDF-007E-410E-92C1-B72B8BA968BC}"
EndProject
Project("{FAE04EC0-301F-11D3-BF4B-00C04F79EFBC}") = "SistemaGestao.Data", "SistemaGestao.Data\SistemaGestao.Data.csproj", "{8B0379D7-81E1-4B6E-8801-53923C60F862}"
EndProject
Project("{FAE04EC0-301F-11D3-BF4B-00C04F79EFBC}") = "SistemaGestao.Models", "SistemaGestao.Models\SistemaGestao.Models.csproj", "{6BC57BC9-CE53-41B9-B348-FF62D8412906}"
EndProject
Global
	GlobalSection(SolutionConfigurationPlatforms) = preSolution
		Debug|Any CPU = Debug|Any CPU
		Release|Any CPU = Release|Any CPU
	EndGlobalSection
	GlobalSection(ProjectConfigurationPlatforms) = postSolution
		{D5E84EA9-75A2-479D-87D7-6F4A7B169CCD}.Debug|Any CPU.ActiveCfg = Debug|Any CPU
		{D5E84EA9-75A2-479D-87D7-6F4A7B169CCD}.Debug|Any CPU.Build.0 = Debug|Any CPU
		{D5E84EA9-75A2-479D-87D7-6F4A7B169CCD}.Release|Any CPU.ActiveCfg = Release|Any CPU
		{D5E84EA9-75A2-479D-87D7-6F4A7B169CCD}.Release|Any CPU.Build.0 = Release|Any CPU
		{A92C9AB2-F37A-453F-9C37-832FA842B360}.Debug|Any CPU.ActiveCfg = Debug|Any CPU
		{A92C9AB2-F37A-453F-9C37-832FA842B360}.Debug|Any CPU.Build.0 = Debug|Any CPU
		{A92C9AB2-F37A-453F-9C37-832FA842B360}.Release|Any CPU.ActiveCfg = Release|Any CPU
		{A92C9AB2-F37A-453F-9C37-832FA842B360}.Release|Any CPU.Build.0 = Release|Any CPU
		{5EE2EEDF-007E-410E-92C1-B72B8BA968BC}.Debug|Any CPU.ActiveCfg = Debug|Any CPU
		{5EE2EEDF-007E-410E-92C1-B72B8BA968BC}.Debug|Any CPU.Build.0 = Debug|Any CPU
		{5EE2EEDF-007E-410E-92C1-B72B8BA968BC}.Release|Any CPU.ActiveCfg = Release|Any CPU
		{5EE2EEDF-007E-410E-92C1-B72B8BA968BC}.Release|Any CPU.Build.0 = Release|Any CPU
		{8B0379D7-81E1-4B6E-8801-53923C60F862}.Debug|Any CPU.ActiveCfg = Debug|Any CPU
		{8B0379D7-81E1-4B6E-8801-53923C60F862}.Debug|Any CPU.Build.0 = Debug|Any CPU
		{8B0379D7-81E1-4B6E-8801-53923C60F862}.Release|Any CPU.ActiveCfg = Release|Any CPU
		{8B0379D7-81E1-4B6E-8801-53923C60F862}.Release|Any CPU.Build.0 = Release|Any CPU
		{6BC57BC9-CE53-41B9-B348-FF62D8412906}.Debug|Any CPU.ActiveCfg = Debug|Any CPU
		{6BC57BC9-CE53-41B9-B348-FF62D8412906}.Debug|Any CPU.Build.0 = Debug|Any CPU
		{6BC57BC9-CE53-41B9-B348-FF62D8412906}.Release|Any CPU.ActiveCfg = Release|Any CPU
		{6BC57BC9-CE53-41B9-B348-FF62D8412906}.Release|Any CPU.Build.0 = Release|Any CPU
	EndGlobalSection
	GlobalSection(SolutionProperties) = preSolution
		HideSolutionNode = FALSE
	EndGlobalSection
	GlobalSection(ExtensibilityGlobals) = postSolution
		SolutionGuid = {C885863C-DFCC-4439-85B3-67B6FCE0744B}
	EndGlobalSection
EndGlobal
